// !$*UTF8*$!
{
	archiveVersion = 1;
	classes = {
	};
	objectVersion = 46;
	objects = {

/* Begin PBXBuildFile section */
		0E4DD3A5555F3F8845D810E2 /* Pods_TumblrTests.framework in Frameworks */ = {isa = PBXBuildFile; fileRef = FD98F121E16B0ED3A128B42F /* Pods_TumblrTests.framework */; };
		7FEED4FA4C36A85826654D1B /* Pods_Tumblr.framework in Frameworks */ = {isa = PBXBuildFile; fileRef = 484BBE072A0574DB8B94F07B /* Pods_Tumblr.framework */; };
		CE8CEE7CDBBF6478DEEF566F /* Pods_TumblrUITests.framework in Frameworks */ = {isa = PBXBuildFile; fileRef = 0E56ACACEA63E7D0AEF36391 /* Pods_TumblrUITests.framework */; };
		F720E9211EFAF7390008F324 /* PhotosTableViewCell.swift in Sources */ = {isa = PBXBuildFile; fileRef = F720E9201EFAF7390008F324 /* PhotosTableViewCell.swift */; };
		F720E9231EFB0B010008F324 /* DetailViewController.swift in Sources */ = {isa = PBXBuildFile; fileRef = F720E9221EFB0B010008F324 /* DetailViewController.swift */; };
		F7D9D0381EFAEF44008A762F /* AppDelegate.swift in Sources */ = {isa = PBXBuildFile; fileRef = F7D9D0371EFAEF44008A762F /* AppDelegate.swift */; };
		F7D9D03D1EFAEF44008A762F /* Main.storyboard in Resources */ = {isa = PBXBuildFile; fileRef = F7D9D03B1EFAEF44008A762F /* Main.storyboard */; };
		F7D9D03F1EFAEF44008A762F /* Assets.xcassets in Resources */ = {isa = PBXBuildFile; fileRef = F7D9D03E1EFAEF44008A762F /* Assets.xcassets */; };
		F7D9D0421EFAEF44008A762F /* LaunchScreen.storyboard in Resources */ = {isa = PBXBuildFile; fileRef = F7D9D0401EFAEF44008A762F /* LaunchScreen.storyboard */; };
		F7D9D04D1EFAEF44008A762F /* TumblrTests.swift in Sources */ = {isa = PBXBuildFile; fileRef = F7D9D04C1EFAEF44008A762F /* TumblrTests.swift */; };
		F7D9D0581EFAEF44008A762F /* TumblrUITests.swift in Sources */ = {isa = PBXBuildFile; fileRef = F7D9D0571EFAEF44008A762F /* TumblrUITests.swift */; };
		F7D9D0661EFAEFC2008A762F /* PhotosViewController.swift in Sources */ = {isa = PBXBuildFile; fileRef = F7D9D0651EFAEFC2008A762F /* PhotosViewController.swift */; };
/* End PBXBuildFile section */

/* Begin PBXContainerItemProxy section */
		F7D9D0491EFAEF44008A762F /* PBXContainerItemProxy */ = {
			isa = PBXContainerItemProxy;
			containerPortal = F7D9D02C1EFAEF44008A762F /* Project object */;
			proxyType = 1;
			remoteGlobalIDString = F7D9D0331EFAEF44008A762F;
			remoteInfo = Tumblr;
		};
		F7D9D0541EFAEF44008A762F /* PBXContainerItemProxy */ = {
			isa = PBXContainerItemProxy;
			containerPortal = F7D9D02C1EFAEF44008A762F /* Project object */;
			proxyType = 1;
			remoteGlobalIDString = F7D9D0331EFAEF44008A762F;
			remoteInfo = Tumblr;
		};
/* End PBXContainerItemProxy section */

/* Begin PBXFileReference section */
		0E56ACACEA63E7D0AEF36391 /* Pods_TumblrUITests.framework */ = {isa = PBXFileReference; explicitFileType = wrapper.framework; includeInIndex = 0; path = Pods_TumblrUITests.framework; sourceTree = BUILT_PRODUCTS_DIR; };
		26B77C788BCD4D5095A4BC98 /* Pods-TumblrUITests.debug.xcconfig */ = {isa = PBXFileReference; includeInIndex = 1; lastKnownFileType = text.xcconfig; name = "Pods-TumblrUITests.debug.xcconfig"; path = "Pods/Target Support Files/Pods-TumblrUITests/Pods-TumblrUITests.debug.xcconfig"; sourceTree = "<group>"; };
		44B63E016F7AA0D1D7BFB635 /* Pods-Tumblr.release.xcconfig */ = {isa = PBXFileReference; includeInIndex = 1; lastKnownFileType = text.xcconfig; name = "Pods-Tumblr.release.xcconfig"; path = "Pods/Target Support Files/Pods-Tumblr/Pods-Tumblr.release.xcconfig"; sourceTree = "<group>"; };
		484BBE072A0574DB8B94F07B /* Pods_Tumblr.framework */ = {isa = PBXFileReference; explicitFileType = wrapper.framework; includeInIndex = 0; path = Pods_Tumblr.framework; sourceTree = BUILT_PRODUCTS_DIR; };
		5BFAD19DE2DFEACE06E61F40 /* Pods-TumblrTests.debug.xcconfig */ = {isa = PBXFileReference; includeInIndex = 1; lastKnownFileType = text.xcconfig; name = "Pods-TumblrTests.debug.xcconfig"; path = "Pods/Target Support Files/Pods-TumblrTests/Pods-TumblrTests.debug.xcconfig"; sourceTree = "<group>"; };
		68433CA5B211178836D7A8E6 /* Pods-TumblrUITests.release.xcconfig */ = {isa = PBXFileReference; includeInIndex = 1; lastKnownFileType = text.xcconfig; name = "Pods-TumblrUITests.release.xcconfig"; path = "Pods/Target Support Files/Pods-TumblrUITests/Pods-TumblrUITests.release.xcconfig"; sourceTree = "<group>"; };
		85F13E8A4B974F8079B0FF1A /* Pods-Tumblr.debug.xcconfig */ = {isa = PBXFileReference; includeInIndex = 1; lastKnownFileType = text.xcconfig; name = "Pods-Tumblr.debug.xcconfig"; path = "Pods/Target Support Files/Pods-Tumblr/Pods-Tumblr.debug.xcconfig"; sourceTree = "<group>"; };
		B10075FC966E9476006599C4 /* Pods-TumblrTests.release.xcconfig */ = {isa = PBXFileReference; includeInIndex = 1; lastKnownFileType = text.xcconfig; name = "Pods-TumblrTests.release.xcconfig"; path = "Pods/Target Support Files/Pods-TumblrTests/Pods-TumblrTests.release.xcconfig"; sourceTree = "<group>"; };
		F720E9201EFAF7390008F324 /* PhotosTableViewCell.swift */ = {isa = PBXFileReference; fileEncoding = 4; lastKnownFileType = sourcecode.swift; path = PhotosTableViewCell.swift; sourceTree = "<group>"; };
		F720E9221EFB0B010008F324 /* DetailViewController.swift */ = {isa = PBXFileReference; fileEncoding = 4; lastKnownFileType = sourcecode.swift; path = DetailViewController.swift; sourceTree = "<group>"; };
		F7D9D0341EFAEF44008A762F /* Tumblr.app */ = {isa = PBXFileReference; explicitFileType = wrapper.application; includeInIndex = 0; path = Tumblr.app; sourceTree = BUILT_PRODUCTS_DIR; };
		F7D9D0371EFAEF44008A762F /* AppDelegate.swift */ = {isa = PBXFileReference; lastKnownFileType = sourcecode.swift; path = AppDelegate.swift; sourceTree = "<group>"; };
		F7D9D03C1EFAEF44008A762F /* Base */ = {isa = PBXFileReference; lastKnownFileType = file.storyboard; name = Base; path = Base.lproj/Main.storyboard; sourceTree = "<group>"; };
		F7D9D03E1EFAEF44008A762F /* Assets.xcassets */ = {isa = PBXFileReference; lastKnownFileType = folder.assetcatalog; path = Assets.xcassets; sourceTree = "<group>"; };
		F7D9D0411EFAEF44008A762F /* Base */ = {isa = PBXFileReference; lastKnownFileType = file.storyboard; name = Base; path = Base.lproj/LaunchScreen.storyboard; sourceTree = "<group>"; };
		F7D9D0431EFAEF44008A762F /* Info.plist */ = {isa = PBXFileReference; lastKnownFileType = text.plist.xml; path = Info.plist; sourceTree = "<group>"; };
		F7D9D0481EFAEF44008A762F /* TumblrTests.xctest */ = {isa = PBXFileReference; explicitFileType = wrapper.cfbundle; includeInIndex = 0; path = TumblrTests.xctest; sourceTree = BUILT_PRODUCTS_DIR; };
		F7D9D04C1EFAEF44008A762F /* TumblrTests.swift */ = {isa = PBXFileReference; lastKnownFileType = sourcecode.swift; path = TumblrTests.swift; sourceTree = "<group>"; };
		F7D9D04E1EFAEF44008A762F /* Info.plist */ = {isa = PBXFileReference; lastKnownFileType = text.plist.xml; path = Info.plist; sourceTree = "<group>"; };
		F7D9D0531EFAEF44008A762F /* TumblrUITests.xctest */ = {isa = PBXFileReference; explicitFileType = wrapper.cfbundle; includeInIndex = 0; path = TumblrUITests.xctest; sourceTree = BUILT_PRODUCTS_DIR; };
		F7D9D0571EFAEF44008A762F /* TumblrUITests.swift */ = {isa = PBXFileReference; lastKnownFileType = sourcecode.swift; path = TumblrUITests.swift; sourceTree = "<group>"; };
		F7D9D0591EFAEF44008A762F /* Info.plist */ = {isa = PBXFileReference; lastKnownFileType = text.plist.xml; path = Info.plist; sourceTree = "<group>"; };
		F7D9D0651EFAEFC2008A762F /* PhotosViewController.swift */ = {isa = PBXFileReference; fileEncoding = 4; lastKnownFileType = sourcecode.swift; path = PhotosViewController.swift; sourceTree = "<group>"; };
		FD98F121E16B0ED3A128B42F /* Pods_TumblrTests.framework */ = {isa = PBXFileReference; explicitFileType = wrapper.framework; includeInIndex = 0; path = Pods_TumblrTests.framework; sourceTree = BUILT_PRODUCTS_DIR; };
/* End PBXFileReference section */

/* Begin PBXFrameworksBuildPhase section */
		F7D9D0311EFAEF44008A762F /* Frameworks */ = {
			isa = PBXFrameworksBuildPhase;
			buildActionMask = 2147483647;
			files = (
				7FEED4FA4C36A85826654D1B /* Pods_Tumblr.framework in Frameworks */,
			);
			runOnlyForDeploymentPostprocessing = 0;
		};
		F7D9D0451EFAEF44008A762F /* Frameworks */ = {
			isa = PBXFrameworksBuildPhase;
			buildActionMask = 2147483647;
			files = (
				0E4DD3A5555F3F8845D810E2 /* Pods_TumblrTests.framework in Frameworks */,
			);
			runOnlyForDeploymentPostprocessing = 0;
		};
		F7D9D0501EFAEF44008A762F /* Frameworks */ = {
			isa = PBXFrameworksBuildPhase;
			buildActionMask = 2147483647;
			files = (
				CE8CEE7CDBBF6478DEEF566F /* Pods_TumblrUITests.framework in Frameworks */,
			);
			runOnlyForDeploymentPostprocessing = 0;
		};
/* End PBXFrameworksBuildPhase section */

/* Begin PBXGroup section */
		73BFA5750EBE53D26C175AC7 /* Frameworks */ = {
			isa = PBXGroup;
			children = (
				484BBE072A0574DB8B94F07B /* Pods_Tumblr.framework */,
				FD98F121E16B0ED3A128B42F /* Pods_TumblrTests.framework */,
				0E56ACACEA63E7D0AEF36391 /* Pods_TumblrUITests.framework */,
			);
			name = Frameworks;
			sourceTree = "<group>";
		};
		DED617D94D08838B66DAF8A2 /* Pods */ = {
			isa = PBXGroup;
			children = (
				85F13E8A4B974F8079B0FF1A /* Pods-Tumblr.debug.xcconfig */,
				44B63E016F7AA0D1D7BFB635 /* Pods-Tumblr.release.xcconfig */,
				5BFAD19DE2DFEACE06E61F40 /* Pods-TumblrTests.debug.xcconfig */,
				B10075FC966E9476006599C4 /* Pods-TumblrTests.release.xcconfig */,
				26B77C788BCD4D5095A4BC98 /* Pods-TumblrUITests.debug.xcconfig */,
				68433CA5B211178836D7A8E6 /* Pods-TumblrUITests.release.xcconfig */,
			);
			name = Pods;
			sourceTree = "<group>";
		};
		F7D9D02B1EFAEF44008A762F = {
			isa = PBXGroup;
			children = (
				F7D9D0361EFAEF44008A762F /* Tumblr */,
				F7D9D04B1EFAEF44008A762F /* TumblrTests */,
				F7D9D0561EFAEF44008A762F /* TumblrUITests */,
				F7D9D0351EFAEF44008A762F /* Products */,
				DED617D94D08838B66DAF8A2 /* Pods */,
				73BFA5750EBE53D26C175AC7 /* Frameworks */,
			);
			sourceTree = "<group>";
		};
		F7D9D0351EFAEF44008A762F /* Products */ = {
			isa = PBXGroup;
			children = (
				F7D9D0341EFAEF44008A762F /* Tumblr.app */,
				F7D9D0481EFAEF44008A762F /* TumblrTests.xctest */,
				F7D9D0531EFAEF44008A762F /* TumblrUITests.xctest */,
			);
			name = Products;
			sourceTree = "<group>";
		};
		F7D9D0361EFAEF44008A762F /* Tumblr */ = {
			isa = PBXGroup;
			children = (
				F7D9D0371EFAEF44008A762F /* AppDelegate.swift */,
				F7D9D03B1EFAEF44008A762F /* Main.storyboard */,
				F7D9D0651EFAEFC2008A762F /* PhotosViewController.swift */,
				F7D9D03E1EFAEF44008A762F /* Assets.xcassets */,
				F7D9D0401EFAEF44008A762F /* LaunchScreen.storyboard */,
				F7D9D0431EFAEF44008A762F /* Info.plist */,
				F720E9201EFAF7390008F324 /* PhotosTableViewCell.swift */,
				F720E9221EFB0B010008F324 /* DetailViewController.swift */,
			);
			path = Tumblr;
			sourceTree = "<group>";
		};
		F7D9D04B1EFAEF44008A762F /* TumblrTests */ = {
			isa = PBXGroup;
			children = (
				F7D9D04C1EFAEF44008A762F /* TumblrTests.swift */,
				F7D9D04E1EFAEF44008A762F /* Info.plist */,
			);
			path = TumblrTests;
			sourceTree = "<group>";
		};
		F7D9D0561EFAEF44008A762F /* TumblrUITests */ = {
			isa = PBXGroup;
			children = (
				F7D9D0571EFAEF44008A762F /* TumblrUITests.swift */,
				F7D9D0591EFAEF44008A762F /* Info.plist */,
			);
			path = TumblrUITests;
			sourceTree = "<group>";
		};
/* End PBXGroup section */

/* Begin PBXNativeTarget section */
		F7D9D0331EFAEF44008A762F /* Tumblr */ = {
			isa = PBXNativeTarget;
			buildConfigurationList = F7D9D05C1EFAEF44008A762F /* Build configuration list for PBXNativeTarget "Tumblr" */;
			buildPhases = (
				B7F517A9B119DE81ED22A303 /* [CP] Check Pods Manifest.lock */,
				F7D9D0301EFAEF44008A762F /* Sources */,
				F7D9D0311EFAEF44008A762F /* Frameworks */,
				F7D9D0321EFAEF44008A762F /* Resources */,
				B587791AF1F54AA4C8DEEF05 /* [CP] Embed Pods Frameworks */,
				F12CC30DAD5BD5F005485F6E /* [CP] Copy Pods Resources */,
			);
			buildRules = (
			);
			dependencies = (
			);
			name = Tumblr;
			productName = Tumblr;
			productReference = F7D9D0341EFAEF44008A762F /* Tumblr.app */;
			productType = "com.apple.product-type.application";
		};
		F7D9D0471EFAEF44008A762F /* TumblrTests */ = {
			isa = PBXNativeTarget;
			buildConfigurationList = F7D9D05F1EFAEF44008A762F /* Build configuration list for PBXNativeTarget "TumblrTests" */;
			buildPhases = (
				D0038502D06334924D23F8B9 /* [CP] Check Pods Manifest.lock */,
				F7D9D0441EFAEF44008A762F /* Sources */,
				F7D9D0451EFAEF44008A762F /* Frameworks */,
				F7D9D0461EFAEF44008A762F /* Resources */,
				BF016641495DB4910F724283 /* [CP] Embed Pods Frameworks */,
				4BE69EF62686A051DFC19358 /* [CP] Copy Pods Resources */,
			);
			buildRules = (
			);
			dependencies = (
				F7D9D04A1EFAEF44008A762F /* PBXTargetDependency */,
			);
			name = TumblrTests;
			productName = TumblrTests;
			productReference = F7D9D0481EFAEF44008A762F /* TumblrTests.xctest */;
			productType = "com.apple.product-type.bundle.unit-test";
		};
		F7D9D0521EFAEF44008A762F /* TumblrUITests */ = {
			isa = PBXNativeTarget;
			buildConfigurationList = F7D9D0621EFAEF44008A762F /* Build configuration list for PBXNativeTarget "TumblrUITests" */;
			buildPhases = (
				97EAAED42E50FC9ECBA49B66 /* [CP] Check Pods Manifest.lock */,
				F7D9D04F1EFAEF44008A762F /* Sources */,
				F7D9D0501EFAEF44008A762F /* Frameworks */,
				F7D9D0511EFAEF44008A762F /* Resources */,
				3535E53E54EF644915E26948 /* [CP] Embed Pods Frameworks */,
				C40591215BF5F27CA9BCF398 /* [CP] Copy Pods Resources */,
			);
			buildRules = (
			);
			dependencies = (
				F7D9D0551EFAEF44008A762F /* PBXTargetDependency */,
			);
			name = TumblrUITests;
			productName = TumblrUITests;
			productReference = F7D9D0531EFAEF44008A762F /* TumblrUITests.xctest */;
			productType = "com.apple.product-type.bundle.ui-testing";
		};
/* End PBXNativeTarget section */

/* Begin PBXProject section */
		F7D9D02C1EFAEF44008A762F /* Project object */ = {
			isa = PBXProject;
			attributes = {
				LastSwiftUpdateCheck = 0830;
				LastUpgradeCheck = 0830;
				ORGANIZATIONNAME = "Tyler Holloway";
				TargetAttributes = {
					F7D9D0331EFAEF44008A762F = {
						CreatedOnToolsVersion = 8.3.2;
						ProvisioningStyle = Automatic;
					};
					F7D9D0471EFAEF44008A762F = {
						CreatedOnToolsVersion = 8.3.2;
						ProvisioningStyle = Automatic;
						TestTargetID = F7D9D0331EFAEF44008A762F;
					};
					F7D9D0521EFAEF44008A762F = {
						CreatedOnToolsVersion = 8.3.2;
						ProvisioningStyle = Automatic;
						TestTargetID = F7D9D0331EFAEF44008A762F;
					};
				};
			};
			buildConfigurationList = F7D9D02F1EFAEF44008A762F /* Build configuration list for PBXProject "Tumblr" */;
			compatibilityVersion = "Xcode 3.2";
			developmentRegion = English;
			hasScannedForEncodings = 0;
			knownRegions = (
				en,
				Base,
			);
			mainGroup = F7D9D02B1EFAEF44008A762F;
			productRefGroup = F7D9D0351EFAEF44008A762F /* Products */;
			projectDirPath = "";
			projectRoot = "";
			targets = (
				F7D9D0331EFAEF44008A762F /* Tumblr */,
				F7D9D0471EFAEF44008A762F /* TumblrTests */,
				F7D9D0521EFAEF44008A762F /* TumblrUITests */,
			);
		};
/* End PBXProject section */

/* Begin PBXResourcesBuildPhase section */
		F7D9D0321EFAEF44008A762F /* Resources */ = {
			isa = PBXResourcesBuildPhase;
			buildActionMask = 2147483647;
			files = (
				F7D9D0421EFAEF44008A762F /* LaunchScreen.storyboard in Resources */,
				F7D9D03F1EFAEF44008A762F /* Assets.xcassets in Resources */,
				F7D9D03D1EFAEF44008A762F /* Main.storyboard in Resources */,
			);
			runOnlyForDeploymentPostprocessing = 0;
		};
		F7D9D0461EFAEF44008A762F /* Resources */ = {
			isa = PBXResourcesBuildPhase;
			buildActionMask = 2147483647;
			files = (
			);
			runOnlyForDeploymentPostprocessing = 0;
		};
		F7D9D0511EFAEF44008A762F /* Resources */ = {
			isa = PBXResourcesBuildPhase;
			buildActionMask = 2147483647;
			files = (
			);
			runOnlyForDeploymentPostprocessing = 0;
		};
/* End PBXResourcesBuildPhase section */

/* Begin PBXShellScriptBuildPhase section */
		3535E53E54EF644915E26948 /* [CP] Embed Pods Frameworks */ = {
			isa = PBXShellScriptBuildPhase;
			buildActionMask = 2147483647;
			files = (
			);
			inputPaths = (
			);
			name = "[CP] Embed Pods Frameworks";
			outputPaths = (
			);
			runOnlyForDeploymentPostprocessing = 0;
			shellPath = /bin/sh;
			shellScript = "\"${SRCROOT}/Pods/Target Support Files/Pods-TumblrUITests/Pods-TumblrUITests-frameworks.sh\"\n";
			showEnvVarsInLog = 0;
		};
		4BE69EF62686A051DFC19358 /* [CP] Copy Pods Resources */ = {
			isa = PBXShellScriptBuildPhase;
			buildActionMask = 2147483647;
			files = (
			);
			inputPaths = (
			);
			name = "[CP] Copy Pods Resources";
			outputPaths = (
			);
			runOnlyForDeploymentPostprocessing = 0;
			shellPath = /bin/sh;
			shellScript = "\"${SRCROOT}/Pods/Target Support Files/Pods-TumblrTests/Pods-TumblrTests-resources.sh\"\n";
			showEnvVarsInLog = 0;
		};
		97EAAED42E50FC9ECBA49B66 /* [CP] Check Pods Manifest.lock */ = {
			isa = PBXShellScriptBuildPhase;
			buildActionMask = 2147483647;
			files = (
			);
			inputPaths = (
			);
			name = "[CP] Check Pods Manifest.lock";
			outputPaths = (
			);
			runOnlyForDeploymentPostprocessing = 0;
			shellPath = /bin/sh;
			shellScript = "diff \"${PODS_PODFILE_DIR_PATH}/Podfile.lock\" \"${PODS_ROOT}/Manifest.lock\" > /dev/null\nif [ $? != 0 ] ; then\n    # print error to STDERR\n    echo \"error: The sandbox is not in sync with the Podfile.lock. Run 'pod install' or update your CocoaPods installation.\" >&2\n    exit 1\nfi\n";
			showEnvVarsInLog = 0;
		};
		B587791AF1F54AA4C8DEEF05 /* [CP] Embed Pods Frameworks */ = {
			isa = PBXShellScriptBuildPhase;
			buildActionMask = 2147483647;
			files = (
			);
			inputPaths = (
			);
			name = "[CP] Embed Pods Frameworks";
			outputPaths = (
			);
			runOnlyForDeploymentPostprocessing = 0;
			shellPath = /bin/sh;
			shellScript = "\"${SRCROOT}/Pods/Target Support Files/Pods-Tumblr/Pods-Tumblr-frameworks.sh\"\n";
			showEnvVarsInLog = 0;
		};
		B7F517A9B119DE81ED22A303 /* [CP] Check Pods Manifest.lock */ = {
			isa = PBXShellScriptBuildPhase;
			buildActionMask = 2147483647;
			files = (
			);
			inputPaths = (
			);
			name = "[CP] Check Pods Manifest.lock";
			outputPaths = (
			);
			runOnlyForDeploymentPostprocessing = 0;
			shellPath = /bin/sh;
			shellScript = "diff \"${PODS_PODFILE_DIR_PATH}/Podfile.lock\" \"${PODS_ROOT}/Manifest.lock\" > /dev/null\nif [ $? != 0 ] ; then\n    # print error to STDERR\n    echo \"error: The sandbox is not in sync with the Podfile.lock. Run 'pod install' or update your CocoaPods installation.\" >&2\n    exit 1\nfi\n";
			showEnvVarsInLog = 0;
		};
		BF016641495DB4910F724283 /* [CP] Embed Pods Frameworks */ = {
			isa = PBXShellScriptBuildPhase;
			buildActionMask = 2147483647;
			files = (
			);
			inputPaths = (
			);
			name = "[CP] Embed Pods Frameworks";
			outputPaths = (
			);
			runOnlyForDeploymentPostprocessing = 0;
			shellPath = /bin/sh;
			shellScript = "\"${SRCROOT}/Pods/Target Support Files/Pods-TumblrTests/Pods-TumblrTests-frameworks.sh\"\n";
			showEnvVarsInLog = 0;
		};
		C40591215BF5F27CA9BCF398 /* [CP] Copy Pods Resources */ = {
			isa = PBXShellScriptBuildPhase;
			buildActionMask = 2147483647;
			files = (
			);
			inputPaths = (
			);
			name = "[CP] Copy Pods Resources";
			outputPaths = (
			);
			runOnlyForDeploymentPostprocessing = 0;
			shellPath = /bin/sh;
			shellScript = "\"${SRCROOT}/Pods/Target Support Files/Pods-TumblrUITests/Pods-TumblrUITests-resources.sh\"\n";
			showEnvVarsInLog = 0;
		};
		D0038502D06334924D23F8B9 /* [CP] Check Pods Manifest.lock */ = {
			isa = PBXShellScriptBuildPhase;
			buildActionMask = 2147483647;
			files = (
			);
			inputPaths = (
			);
			name = "[CP] Check Pods Manifest.lock";
			outputPaths = (
			);
			runOnlyForDeploymentPostprocessing = 0;
			shellPath = /bin/sh;
			shellScript = "diff \"${PODS_PODFILE_DIR_PATH}/Podfile.lock\" \"${PODS_ROOT}/Manifest.lock\" > /dev/null\nif [ $? != 0 ] ; then\n    # print error to STDERR\n    echo \"error: The sandbox is not in sync with the Podfile.lock. Run 'pod install' or update your CocoaPods installation.\" >&2\n    exit 1\nfi\n";
			showEnvVarsInLog = 0;
		};
		F12CC30DAD5BD5F005485F6E /* [CP] Copy Pods Resources */ = {
			isa = PBXShellScriptBuildPhase;
			buildActionMask = 2147483647;
			files = (
			);
			inputPaths = (
			);
			name = "[CP] Copy Pods Resources";
			outputPaths = (
			);
			runOnlyForDeploymentPostprocessing = 0;
			shellPath = /bin/sh;
			shellScript = "\"${SRCROOT}/Pods/Target Support Files/Pods-Tumblr/Pods-Tumblr-resources.sh\"\n";
			showEnvVarsInLog = 0;
		};
/* End PBXShellScriptBuildPhase section */

/* Begin PBXSourcesBuildPhase section */
		F7D9D0301EFAEF44008A762F /* Sources */ = {
			isa = PBXSourcesBuildPhase;
			buildActionMask = 2147483647;
			files = (
				F720E9211EFAF7390008F324 /* PhotosTableViewCell.swift in Sources */,
				F7D9D0381EFAEF44008A762F /* AppDelegate.swift in Sources */,
				F7D9D0661EFAEFC2008A762F /* PhotosViewController.swift in Sources */,
				F720E9231EFB0B010008F324 /* DetailViewController.swift in Sources */,
			);
			runOnlyForDeploymentPostprocessing = 0;
		};
		F7D9D0441EFAEF44008A762F /* Sources */ = {
			isa = PBXSourcesBuildPhase;
			buildActionMask = 2147483647;
			files = (
				F7D9D04D1EFAEF44008A762F /* TumblrTests.swift in Sources */,
			);
			runOnlyForDeploymentPostprocessing = 0;
		};
		F7D9D04F1EFAEF44008A762F /* Sources */ = {
			isa = PBXSourcesBuildPhase;
			buildActionMask = 2147483647;
			files = (
				F7D9D0581EFAEF44008A762F /* TumblrUITests.swift in Sources */,
			);
			runOnlyForDeploymentPostprocessing = 0;
		};
/* End PBXSourcesBuildPhase section */

/* Begin PBXTargetDependency section */
		F7D9D04A1EFAEF44008A762F /* PBXTargetDependency */ = {
			isa = PBXTargetDependency;
			target = F7D9D0331EFAEF44008A762F /* Tumblr */;
			targetProxy = F7D9D0491EFAEF44008A762F /* PBXContainerItemProxy */;
		};
		F7D9D0551EFAEF44008A762F /* PBXTargetDependency */ = {
			isa = PBXTargetDependency;
			target = F7D9D0331EFAEF44008A762F /* Tumblr */;
			targetProxy = F7D9D0541EFAEF44008A762F /* PBXContainerItemProxy */;
		};
/* End PBXTargetDependency section */

/* Begin PBXVariantGroup section */
		F7D9D03B1EFAEF44008A762F /* Main.storyboard */ = {
			isa = PBXVariantGroup;
			children = (
				F7D9D03C1EFAEF44008A762F /* Base */,
			);
			name = Main.storyboard;
			sourceTree = "<group>";
		};
		F7D9D0401EFAEF44008A762F /* LaunchScreen.storyboard */ = {
			isa = PBXVariantGroup;
			children = (
				F7D9D0411EFAEF44008A762F /* Base */,
			);
			name = LaunchScreen.storyboard;
			sourceTree = "<group>";
		};
/* End PBXVariantGroup section */

/* Begin XCBuildConfiguration section */
		F7D9D05A1EFAEF44008A762F /* Debug */ = {
			isa = XCBuildConfiguration;
			buildSettings = {
				ALWAYS_SEARCH_USER_PATHS = NO;
				CLANG_ANALYZER_NONNULL = YES;
				CLANG_ANALYZER_NUMBER_OBJECT_CONVERSION = YES_AGGRESSIVE;
				CLANG_CXX_LANGUAGE_STANDARD = "gnu++0x";
				CLANG_CXX_LIBRARY = "libc++";
				CLANG_ENABLE_MODULES = YES;
				CLANG_ENABLE_OBJC_ARC = YES;
				CLANG_WARN_BOOL_CONVERSION = YES;
				CLANG_WARN_CONSTANT_CONVERSION = YES;
				CLANG_WARN_DIRECT_OBJC_ISA_USAGE = YES_ERROR;
				CLANG_WARN_DOCUMENTATION_COMMENTS = YES;
				CLANG_WARN_EMPTY_BODY = YES;
				CLANG_WARN_ENUM_CONVERSION = YES;
				CLANG_WARN_INFINITE_RECURSION = YES;
				CLANG_WARN_INT_CONVERSION = YES;
				CLANG_WARN_OBJC_ROOT_CLASS = YES_ERROR;
				CLANG_WARN_SUSPICIOUS_MOVE = YES;
				CLANG_WARN_UNREACHABLE_CODE = YES;
				CLANG_WARN__DUPLICATE_METHOD_MATCH = YES;
				"CODE_SIGN_IDENTITY[sdk=iphoneos*]" = "iPhone Developer";
				COPY_PHASE_STRIP = NO;
				DEBUG_INFORMATION_FORMAT = dwarf;
				ENABLE_STRICT_OBJC_MSGSEND = YES;
				ENABLE_TESTABILITY = YES;
				GCC_C_LANGUAGE_STANDARD = gnu99;
				GCC_DYNAMIC_NO_PIC = NO;
				GCC_NO_COMMON_BLOCKS = YES;
				GCC_OPTIMIZATION_LEVEL = 0;
				GCC_PREPROCESSOR_DEFINITIONS = (
					"DEBUG=1",
					"$(inherited)",
				);
				GCC_WARN_64_TO_32_BIT_CONVERSION = YES;
				GCC_WARN_ABOUT_RETURN_TYPE = YES_ERROR;
				GCC_WARN_UNDECLARED_SELECTOR = YES;
				GCC_WARN_UNINITIALIZED_AUTOS = YES_AGGRESSIVE;
				GCC_WARN_UNUSED_FUNCTION = YES;
				GCC_WARN_UNUSED_VARIABLE = YES;
				IPHONEOS_DEPLOYMENT_TARGET = 10.3;
				MTL_ENABLE_DEBUG_INFO = YES;
				ONLY_ACTIVE_ARCH = YES;
				SDKROOT = iphoneos;
				SWIFT_ACTIVE_COMPILATION_CONDITIONS = DEBUG;
				SWIFT_OPTIMIZATION_LEVEL = "-Onone";
			};
			name = Debug;
		};
		F7D9D05B1EFAEF44008A762F /* Release */ = {
			isa = XCBuildConfiguration;
			buildSettings = {
				ALWAYS_SEARCH_USER_PATHS = NO;
				CLANG_ANALYZER_NONNULL = YES;
				CLANG_ANALYZER_NUMBER_OBJECT_CONVERSION = YES_AGGRESSIVE;
				CLANG_CXX_LANGUAGE_STANDARD = "gnu++0x";
				CLANG_CXX_LIBRARY = "libc++";
				CLANG_ENABLE_MODULES = YES;
				CLANG_ENABLE_OBJC_ARC = YES;
				CLANG_WARN_BOOL_CONVERSION = YES;
				CLANG_WARN_CONSTANT_CONVERSION = YES;
				CLANG_WARN_DIRECT_OBJC_ISA_USAGE = YES_ERROR;
				CLANG_WARN_DOCUMENTATION_COMMENTS = YES;
				CLANG_WARN_EMPTY_BODY = YES;
				CLANG_WARN_ENUM_CONVERSION = YES;
				CLANG_WARN_INFINITE_RECURSION = YES;
				CLANG_WARN_INT_CONVERSION = YES;
				CLANG_WARN_OBJC_ROOT_CLASS = YES_ERROR;
				CLANG_WARN_SUSPICIOUS_MOVE = YES;
				CLANG_WARN_UNREACHABLE_CODE = YES;
				CLANG_WARN__DUPLICATE_METHOD_MATCH = YES;
				"CODE_SIGN_IDENTITY[sdk=iphoneos*]" = "iPhone Developer";
				COPY_PHASE_STRIP = NO;
				DEBUG_INFORMATION_FORMAT = "dwarf-with-dsym";
				ENABLE_NS_ASSERTIONS = NO;
				ENABLE_STRICT_OBJC_MSGSEND = YES;
				GCC_C_LANGUAGE_STANDARD = gnu99;
				GCC_NO_COMMON_BLOCKS = YES;
				GCC_WARN_64_TO_32_BIT_CONVERSION = YES;
				GCC_WARN_ABOUT_RETURN_TYPE = YES_ERROR;
				GCC_WARN_UNDECLARED_SELECTOR = YES;
				GCC_WARN_UNINITIALIZED_AUTOS = YES_AGGRESSIVE;
				GCC_WARN_UNUSED_FUNCTION = YES;
				GCC_WARN_UNUSED_VARIABLE = YES;
				IPHONEOS_DEPLOYMENT_TARGET = 10.3;
				MTL_ENABLE_DEBUG_INFO = NO;
				SDKROOT = iphoneos;
				SWIFT_OPTIMIZATION_LEVEL = "-Owholemodule";
				VALIDATE_PRODUCT = YES;
			};
			name = Release;
		};
		F7D9D05D1EFAEF44008A762F /* Debug */ = {
			isa = XCBuildConfiguration;
			baseConfigurationReference = 85F13E8A4B974F8079B0FF1A /* Pods-Tumblr.debug.xcconfig */;
			buildSettings = {
				ASSETCATALOG_COMPILER_APPICON_NAME = AppIcon;
				INFOPLIST_FILE = Tumblr/Info.plist;
				LD_RUNPATH_SEARCH_PATHS = "$(inherited) @executable_path/Frameworks";
				PRODUCT_BUNDLE_IDENTIFIER = com.FBU.Tyler.Tumblr;
				PRODUCT_NAME = "$(TARGET_NAME)";
				SWIFT_VERSION = 3.0;
			};
			name = Debug;
		};
		F7D9D05E1EFAEF44008A762F /* Release */ = {
			isa = XCBuildConfiguration;
			baseConfigurationReference = 44B63E016F7AA0D1D7BFB635 /* Pods-Tumblr.release.xcconfig */;
			buildSettings = {
				ASSETCATALOG_COMPILER_APPICON_NAME = AppIcon;
				INFOPLIST_FILE = Tumblr/Info.plist;
				LD_RUNPATH_SEARCH_PATHS = "$(inherited) @executable_path/Frameworks";
				PRODUCT_BUNDLE_IDENTIFIER = com.FBU.Tyler.Tumblr;
				PRODUCT_NAME = "$(TARGET_NAME)";
				SWIFT_VERSION = 3.0;
			};
			name = Release;
		};
		F7D9D0601EFAEF44008A762F /* Debug */ = {
			isa = XCBuildConfiguration;
			baseConfigurationReference = 5BFAD19DE2DFEACE06E61F40 /* Pods-TumblrTests.debug.xcconfig */;
			buildSettings = {
				ALWAYS_EMBED_SWIFT_STANDARD_LIBRARIES = YES;
				BUNDLE_LOADER = "$(TEST_HOST)";
				INFOPLIST_FILE = TumblrTests/Info.plist;
				LD_RUNPATH_SEARCH_PATHS = "$(inherited) @executable_path/Frameworks @loader_path/Frameworks";
				PRODUCT_BUNDLE_IDENTIFIER = com.FBU.Tyler.TumblrTests;
				PRODUCT_NAME = "$(TARGET_NAME)";
				SWIFT_VERSION = 3.0;
				TEST_HOST = "$(BUILT_PRODUCTS_DIR)/Tumblr.app/Tumblr";
			};
			name = Debug;
		};
		F7D9D0611EFAEF44008A762F /* Release */ = {
			isa = XCBuildConfiguration;
			baseConfigurationReference = B10075FC966E9476006599C4 /* Pods-TumblrTests.release.xcconfig */;
			buildSettings = {
				ALWAYS_EMBED_SWIFT_STANDARD_LIBRARIES = YES;
				BUNDLE_LOADER = "$(TEST_HOST)";
				INFOPLIST_FILE = TumblrTests/Info.plist;
				LD_RUNPATH_SEARCH_PATHS = "$(inherited) @executable_path/Frameworks @loader_path/Frameworks";
				PRODUCT_BUNDLE_IDENTIFIER = com.FBU.Tyler.TumblrTests;
				PRODUCT_NAME = "$(TARGET_NAME)";
				SWIFT_VERSION = 3.0;
				TEST_HOST = "$(BUILT_PRODUCTS_DIR)/Tumblr.app/Tumblr";
			};
			name = Release;
		};
		F7D9D0631EFAEF44008A762F /* Debug */ = {
			isa = XCBuildConfiguration;
			baseConfigurationReference = 26B77C788BCD4D5095A4BC98 /* Pods-TumblrUITests.debug.xcconfig */;
			buildSettings = {
				ALWAYS_EMBED_SWIFT_STANDARD_LIBRARIES = YES;
				INFOPLIST_FILE = TumblrUITests/Info.plist;
				LD_RUNPATH_SEARCH_PATHS = "$(inherited) @executable_path/Frameworks @loader_path/Frameworks";
				PRODUCT_BUNDLE_IDENTIFIER = com.FBU.Tyler.TumblrUITests;
				PRODUCT_NAME = "$(TARGET_NAME)";
				SWIFT_VERSION = 3.0;
				TEST_TARGET_NAME = Tumblr;
			};
			name = Debug;
		};
		F7D9D0641EFAEF44008A762F /* Release */ = {
			isa = XCBuildConfiguration;
			baseConfigurationReference = 68433CA5B211178836D7A8E6 /* Pods-TumblrUITests.release.xcconfig */;
			buildSettings = {
				ALWAYS_EMBED_SWIFT_STANDARD_LIBRARIES = YES;
				INFOPLIST_FILE = TumblrUITests/Info.plist;
				LD_RUNPATH_SEARCH_PATHS = "$(inherited) @executable_path/Frameworks @loader_path/Frameworks";
				PRODUCT_BUNDLE_IDENTIFIER = com.FBU.Tyler.TumblrUITests;
				PRODUCT_NAME = "$(TARGET_NAME)";
				SWIFT_VERSION = 3.0;
				TEST_TARGET_NAME = Tumblr;
			};
			name = Release;
		};
/* End XCBuildConfiguration section */

/* Begin XCConfigurationList section */
		F7D9D02F1EFAEF44008A762F /* Build configuration list for PBXProject "Tumblr" */ = {
			isa = XCConfigurationList;
			buildConfigurations = (
				F7D9D05A1EFAEF44008A762F /* Debug */,
				F7D9D05B1EFAEF44008A762F /* Release */,
			);
			defaultConfigurationIsVisible = 0;
			defaultConfigurationName = Release;
		};
		F7D9D05C1EFAEF44008A762F /* Build configuration list for PBXNativeTarget "Tumblr" */ = {
			isa = XCConfigurationList;
			buildConfigurations = (
				F7D9D05D1EFAEF44008A762F /* Debug */,
				F7D9D05E1EFAEF44008A762F /* Release */,
			);
			defaultConfigurationIsVisible = 0;
			defaultConfigurationName = Release;
		};
		F7D9D05F1EFAEF44008A762F /* Build configuration list for PBXNativeTarget "TumblrTests" */ = {
			isa = XCConfigurationList;
			buildConfigurations = (
				F7D9D0601EFAEF44008A762F /* Debug */,
				F7D9D0611EFAEF44008A762F /* Release */,
			);
			defaultConfigurationIsVisible = 0;
			defaultConfigurationName = Release;
		};
		F7D9D0621EFAEF44008A762F /* Build configuration list for PBXNativeTarget "TumblrUITests" */ = {
			isa = XCConfigurationList;
			buildConfigurations = (
				F7D9D0631EFAEF44008A762F /* Debug */,
				F7D9D0641EFAEF44008A762F /* Release */,
			);
			defaultConfigurationIsVisible = 0;
			defaultConfigurationName = Release;
		};
/* End XCConfigurationList section */
	};
	rootObject = F7D9D02C1EFAEF44008A762F /* Project object */;
}
